// !$*UTF8*$!
{
	archiveVersion = 1;
	classes = {
	};
	objectVersion = 46;
	objects = {

/* Begin PBXBuildFile section */
		E9DE85FD1C3B616400C87B5E /* main.m in Sources */ = {isa = PBXBuildFile; fileRef = E9DE85FC1C3B616400C87B5E /* main.m */; };
		E9DE86001C3B616400C87B5E /* AppDelegate.m in Sources */ = {isa = PBXBuildFile; fileRef = E9DE85FF1C3B616400C87B5E /* AppDelegate.m */; };
		E9DE86031C3B616400C87B5E /* ViewController.m in Sources */ = {isa = PBXBuildFile; fileRef = E9DE86021C3B616400C87B5E /* ViewController.m */; };
		E9DE86061C3B616400C87B5E /* Main.storyboard in Resources */ = {isa = PBXBuildFile; fileRef = E9DE86041C3B616400C87B5E /* Main.storyboard */; };
		E9DE86081C3B616400C87B5E /* Assets.xcassets in Resources */ = {isa = PBXBuildFile; fileRef = E9DE86071C3B616400C87B5E /* Assets.xcassets */; };
		E9DE860B1C3B616400C87B5E /* LaunchScreen.storyboard in Resources */ = {isa = PBXBuildFile; fileRef = E9DE86091C3B616400C87B5E /* LaunchScreen.storyboard */; };
		E9DE86141C3B631900C87B5E /* MyCustomPointAnnotation.m in Sources */ = {isa = PBXBuildFile; fileRef = E9DE86131C3B631900C87B5E /* MyCustomPointAnnotation.m */; };
		E9DE86171C3B63CD00C87B5E /* MyCustomPinAnnotationView.m in Sources */ = {isa = PBXBuildFile; fileRef = E9DE86161C3B63CD00C87B5E /* MyCustomPinAnnotationView.m */; };
/* End PBXBuildFile section */

/* Begin PBXFileReference section */
		E9DE85F81C3B616400C87B5E /* MyCustomPinProject.app */ = {isa = PBXFileReference; explicitFileType = wrapper.application; includeInIndex = 0; path = MyCustomPinProject.app; sourceTree = BUILT_PRODUCTS_DIR; };
		E9DE85FC1C3B616400C87B5E /* main.m */ = {isa = PBXFileReference; lastKnownFileType = sourcecode.c.objc; path = main.m; sourceTree = "<group>"; };
		E9DE85FE1C3B616400C87B5E /* AppDelegate.h */ = {isa = PBXFileReference; lastKnownFileType = sourcecode.c.h; path = AppDelegate.h; sourceTree = "<group>"; };
		E9DE85FF1C3B616400C87B5E /* AppDelegate.m */ = {isa = PBXFileReference; lastKnownFileType = sourcecode.c.objc; path = AppDelegate.m; sourceTree = "<group>"; };
		E9DE86011C3B616400C87B5E /* ViewController.h */ = {isa = PBXFileReference; lastKnownFileType = sourcecode.c.h; path = ViewController.h; sourceTree = "<group>"; };
		E9DE86021C3B616400C87B5E /* ViewController.m */ = {isa = PBXFileReference; lastKnownFileType = sourcecode.c.objc; path = ViewController.m; sourceTree = "<group>"; };
		E9DE86051C3B616400C87B5E /* Base */ = {isa = PBXFileReference; lastKnownFileType = file.storyboard; name = Base; path = Base.lproj/Main.storyboard; sourceTree = "<group>"; };
		E9DE86071C3B616400C87B5E /* Assets.xcassets */ = {isa = PBXFileReference; lastKnownFileType = folder.assetcatalog; path = Assets.xcassets; sourceTree = "<group>"; };
		E9DE860A1C3B616400C87B5E /* Base */ = {isa = PBXFileReference; lastKnownFileType = file.storyboard; name = Base; path = Base.lproj/LaunchScreen.storyboard; sourceTree = "<group>"; };
		E9DE860C1C3B616400C87B5E /* Info.plist */ = {isa = PBXFileReference; lastKnownFileType = text.plist.xml; path = Info.plist; sourceTree = "<group>"; };
		E9DE86121C3B631900C87B5E /* MyCustomPointAnnotation.h */ = {isa = PBXFileReference; fileEncoding = 4; lastKnownFileType = sourcecode.c.h; path = MyCustomPointAnnotation.h; sourceTree = "<group>"; };
		E9DE86131C3B631900C87B5E /* MyCustomPointAnnotation.m */ = {isa = PBXFileReference; fileEncoding = 4; lastKnownFileType = sourcecode.c.objc; path = MyCustomPointAnnotation.m; sourceTree = "<group>"; };
		E9DE86151C3B63CD00C87B5E /* MyCustomPinAnnotationView.h */ = {isa = PBXFileReference; fileEncoding = 4; lastKnownFileType = sourcecode.c.h; path = MyCustomPinAnnotationView.h; sourceTree = "<group>"; };
		E9DE86161C3B63CD00C87B5E /* MyCustomPinAnnotationView.m */ = {isa = PBXFileReference; fileEncoding = 4; lastKnownFileType = sourcecode.c.objc; path = MyCustomPinAnnotationView.m; sourceTree = "<group>"; };
/* End PBXFileReference section */

/* Begin PBXFrameworksBuildPhase section */
		E9DE85F51C3B616400C87B5E /* Frameworks */ = {
			isa = PBXFrameworksBuildPhase;
			buildActionMask = 2147483647;
			files = (
			);
			runOnlyForDeploymentPostprocessing = 0;
		};
/* End PBXFrameworksBuildPhase section */

/* Begin PBXGroup section */
		E9DE85EF1C3B616400C87B5E = {
			isa = PBXGroup;
			children = (
				E9DE85FA1C3B616400C87B5E /* MyCustomPinProject */,
				E9DE85F91C3B616400C87B5E /* Products */,
			);
			sourceTree = "<group>";
		};
		E9DE85F91C3B616400C87B5E /* Products */ = {
			isa = PBXGroup;
			children = (
				E9DE85F81C3B616400C87B5E /* MyCustomPinProject.app */,
			);
			name = Products;
			sourceTree = "<group>";
		};
		E9DE85FA1C3B616400C87B5E /* MyCustomPinProject */ = {
			isa = PBXGroup;
			children = (
				E9DE85FE1C3B616400C87B5E /* AppDelegate.h */,
				E9DE85FF1C3B616400C87B5E /* AppDelegate.m */,
				E9DE86071C3B616400C87B5E /* Assets.xcassets */,
				E9DE860C1C3B616400C87B5E /* Info.plist */,
				E9DE86091C3B616400C87B5E /* LaunchScreen.storyboard */,
				E9DE86041C3B616400C87B5E /* Main.storyboard */,
				E9DE86151C3B63CD00C87B5E /* MyCustomPinAnnotationView.h */,
				E9DE86161C3B63CD00C87B5E /* MyCustomPinAnnotationView.m */,
				E9DE86121C3B631900C87B5E /* MyCustomPointAnnotation.h */,
				E9DE86131C3B631900C87B5E /* MyCustomPointAnnotation.m */,
				E9DE85FB1C3B616400C87B5E /* Supporting Files */,
				E9DE86011C3B616400C87B5E /* ViewController.h */,
				E9DE86021C3B616400C87B5E /* ViewController.m */,
			);
			path = MyCustomPinProject;
			sourceTree = "<group>";
		};
		E9DE85FB1C3B616400C87B5E /* Supporting Files */ = {
			isa = PBXGroup;
			children = (
				E9DE85FC1C3B616400C87B5E /* main.m */,
			);
			name = "Supporting Files";
			sourceTree = "<group>";
		};
/* End PBXGroup section */

/* Begin PBXNativeTarget section */
		E9DE85F71C3B616400C87B5E /* MyCustomPinProject */ = {
			isa = PBXNativeTarget;
			buildConfigurationList = E9DE860F1C3B616400C87B5E /* Build configuration list for PBXNativeTarget "MyCustomPinProject" */;
			buildPhases = (
				E9DE85F41C3B616400C87B5E /* Sources */,
				E9DE85F51C3B616400C87B5E /* Frameworks */,
				E9DE85F61C3B616400C87B5E /* Resources */,
			);
			buildRules = (
			);
			dependencies = (
			);
			name = MyCustomPinProject;
			productName = MyCustomPinProject;
			productReference = E9DE85F81C3B616400C87B5E /* MyCustomPinProject.app */;
			productType = "com.apple.product-type.application";
		};
/* End PBXNativeTarget section */

/* Begin PBXProject section */
		E9DE85F01C3B616400C87B5E /* Project object */ = {
			isa = PBXProject;
			attributes = {
				LastUpgradeCheck = 0720;
				ORGANIZATIONNAME = com.tlextrait;
				TargetAttributes = {
					E9DE85F71C3B616400C87B5E = {
						CreatedOnToolsVersion = 7.2;
					};
				};
			};
			buildConfigurationList = E9DE85F31C3B616400C87B5E /* Build configuration list for PBXProject "MyCustomPinProject" */;
			compatibilityVersion = "Xcode 3.2";
			developmentRegion = English;
			hasScannedForEncodings = 0;
			knownRegions = (
				en,
				Base,
			);
			mainGroup = E9DE85EF1C3B616400C87B5E;
			productRefGroup = E9DE85F91C3B616400C87B5E /* Products */;
			projectDirPath = "";
			projectRoot = "";
			targets = (
				E9DE85F71C3B616400C87B5E /* MyCustomPinProject */,
			);
		};
/* End PBXProject section */

/* Begin PBXResourcesBuildPhase section */
		E9DE85F61C3B616400C87B5E /* Resources */ = {
			isa = PBXResourcesBuildPhase;
			buildActionMask = 2147483647;
			files = (
				E9DE860B1C3B616400C87B5E /* LaunchScreen.storyboard in Resources */,
				E9DE86081C3B616400C87B5E /* Assets.xcassets in Resources */,
				E9DE86061C3B616400C87B5E /* Main.storyboard in Resources */,
			);
			runOnlyForDeploymentPostprocessing = 0;
		};
/* End PBXResourcesBuildPhase section */

/* Begin PBXSourcesBuildPhase section */
		E9DE85F41C3B616400C87B5E /* Sources */ = {
			isa = PBXSourcesBuildPhase;
			buildActionMask = 2147483647;
			files = (
				E9DE86031C3B616400C87B5E /* ViewController.m in Sources */,
				E9DE86001C3B616400C87B5E /* AppDelegate.m in Sources */,
				E9DE86171C3B63CD00C87B5E /* MyCustomPinAnnotationView.m in Sources */,
				E9DE86141C3B631900C87B5E /* MyCustomPointAnnotation.m in Sources */,
				E9DE85FD1C3B616400C87B5E /* main.m in Sources */,
			);
			runOnlyForDeploymentPostprocessing = 0;
		};
/* End PBXSourcesBuildPhase section */

/* Begin PBXVariantGroup section */
		E9DE86041C3B616400C87B5E /* Main.storyboard */ = {
			isa = PBXVariantGroup;
			children = (
				E9DE86051C3B616400C87B5E /* Base */,
			);
			name = Main.storyboard;
			sourceTree = "<group>";
		};
		E9DE86091C3B616400C87B5E /* LaunchScreen.storyboard */ = {
			isa = PBXVariantGroup;
			children = (
				E9DE860A1C3B616400C87B5E /* Base */,
			);
			name = LaunchScreen.storyboard;
			sourceTree = "<group>";
		};
/* End PBXVariantGroup section */

/* Begin XCBuildConfiguration section */
		E9DE860D1C3B616400C87B5E /* Debug */ = {
			isa = XCBuildConfiguration;
			buildSettings = {
				ALWAYS_SEARCH_USER_PATHS = NO;
				CLANG_CXX_LANGUAGE_STANDARD = "gnu++0x";
				CLANG_CXX_LIBRARY = "libc++";
				CLANG_ENABLE_MODULES = YES;
				CLANG_ENABLE_OBJC_ARC = YES;
				CLANG_WARN_BOOL_CONVERSION = YES;
				CLANG_WARN_CONSTANT_CONVERSION = YES;
				CLANG_WARN_DIRECT_OBJC_ISA_USAGE = YES_ERROR;
				CLANG_WARN_EMPTY_BODY = YES;
				CLANG_WARN_ENUM_CONVERSION = YES;
				CLANG_WARN_INT_CONVERSION = YES;
				CLANG_WARN_OBJC_ROOT_CLASS = YES_ERROR;
				CLANG_WARN_UNREACHABLE_CODE = YES;
				CLANG_WARN__DUPLICATE_METHOD_MATCH = YES;
				"CODE_SIGN_IDENTITY[sdk=iphoneos*]" = "iPhone Developer";
				COPY_PHASE_STRIP = NO;
				DEBUG_INFORMATION_FORMAT = dwarf;
				ENABLE_STRICT_OBJC_MSGSEND = YES;
				ENABLE_TESTABILITY = YES;
				GCC_C_LANGUAGE_STANDARD = gnu99;
				GCC_DYNAMIC_NO_PIC = NO;
				GCC_NO_COMMON_BLOCKS = YES;
				GCC_OPTIMIZATION_LEVEL = 0;
				GCC_PREPROCESSOR_DEFINITIONS = (
					"DEBUG=1",
					"$(inherited)",
				);
				GCC_WARN_64_TO_32_BIT_CONVERSION = YES;
				GCC_WARN_ABOUT_RETURN_TYPE = YES_ERROR;
				GCC_WARN_UNDECLARED_SELECTOR = YES;
				GCC_WARN_UNINITIALIZED_AUTOS = YES_AGGRESSIVE;
				GCC_WARN_UNUSED_FUNCTION = YES;
				GCC_WARN_UNUSED_VARIABLE = YES;
				IPHONEOS_DEPLOYMENT_TARGET = 9.2;
				MTL_ENABLE_DEBUG_INFO = YES;
				ONLY_ACTIVE_ARCH = YES;
				SDKROOT = iphoneos;
				TARGETED_DEVICE_FAMILY = "1,2";
			};
			name = Debug;
		};
		E9DE860E1C3B616400C87B5E /* Release */ = {
			isa = XCBuildConfiguration;
			buildSettings = {
				ALWAYS_SEARCH_USER_PATHS = NO;
				CLANG_CXX_LANGUAGE_STANDARD = "gnu++0x";
				CLANG_CXX_LIBRARY = "libc++";
				CLANG_ENABLE_MODULES = YES;
				CLANG_ENABLE_OBJC_ARC = YES;
				CLANG_WARN_BOOL_CONVERSION = YES;
				CLANG_WARN_CONSTANT_CONVERSION = YES;
				CLANG_WARN_DIRECT_OBJC_ISA_USAGE = YES_ERROR;
				CLANG_WARN_EMPTY_BODY = YES;
				CLANG_WARN_ENUM_CONVERSION = YES;
				CLANG_WARN_INT_CONVERSION = YES;
				CLANG_WARN_OBJC_ROOT_CLASS = YES_ERROR;
				CLANG_WARN_UNREACHABLE_CODE = YES;
				CLANG_WARN__DUPLICATE_METHOD_MATCH = YES;
				"CODE_SIGN_IDENTITY[sdk=iphoneos*]" = "iPhone Developer";
				COPY_PHASE_STRIP = NO;
				DEBUG_INFORMATION_FORMAT = "dwarf-with-dsym";
				ENABLE_NS_ASSERTIONS = NO;
				ENABLE_STRICT_OBJC_MSGSEND = YES;
				GCC_C_LANGUAGE_STANDARD = gnu99;
				GCC_NO_COMMON_BLOCKS = YES;
				GCC_WARN_64_TO_32_BIT_CONVERSION = YES;
				GCC_WARN_ABOUT_RETURN_TYPE = YES_ERROR;
				GCC_WARN_UNDECLARED_SELECTOR = YES;
				GCC_WARN_UNINITIALIZED_AUTOS = YES_AGGRESSIVE;
				GCC_WARN_UNUSED_FUNCTION = YES;
				GCC_WARN_UNUSED_VARIABLE = YES;
				IPHONEOS_DEPLOYMENT_TARGET = 9.2;
				MTL_ENABLE_DEBUG_INFO = NO;
				SDKROOT = iphoneos;
				TARGETED_DEVICE_FAMILY = "1,2";
				VALIDATE_PRODUCT = YES;
			};
			name = Release;
		};
		E9DE86101C3B616400C87B5E /* Debug */ = {
			isa = XCBuildConfiguration;
			buildSettings = {
				ASSETCATALOG_COMPILER_APPICON_NAME = AppIcon;
				INFOPLIST_FILE = MyCustomPinProject/Info.plist;
				LD_RUNPATH_SEARCH_PATHS = "$(inherited) @executable_path/Frameworks";
				PRODUCT_BUNDLE_IDENTIFIER = com.tlextrait.MyCustomPinProject;
				PRODUCT_NAME = "$(TARGET_NAME)";
			};
			name = Debug;
		};
		E9DE86111C3B616400C87B5E /* Release */ = {
			isa = XCBuildConfiguration;
			buildSettings = {
				ASSETCATALOG_COMPILER_APPICON_NAME = AppIcon;
				INFOPLIST_FILE = MyCustomPinProject/Info.plist;
				LD_RUNPATH_SEARCH_PATHS = "$(inherited) @executable_path/Frameworks";
				PRODUCT_BUNDLE_IDENTIFIER = com.tlextrait.MyCustomPinProject;
				PRODUCT_NAME = "$(TARGET_NAME)";
			};
			name = Release;
		};
/* End XCBuildConfiguration section */

/* Begin XCConfigurationList section */
		E9DE85F31C3B616400C87B5E /* Build configuration list for PBXProject "MyCustomPinProject" */ = {
			isa = XCConfigurationList;
			buildConfigurations = (
				E9DE860D1C3B616400C87B5E /* Debug */,
				E9DE860E1C3B616400C87B5E /* Release */,
			);
			defaultConfigurationIsVisible = 0;
			defaultConfigurationName = Release;
		};
		E9DE860F1C3B616400C87B5E /* Build configuration list for PBXNativeTarget "MyCustomPinProject" */ = {
			isa = XCConfigurationList;
			buildConfigurations = (
				E9DE86101C3B616400C87B5E /* Debug */,
				E9DE86111C3B616400C87B5E /* Release */,
			);
			defaultConfigurationIsVisible = 0;
		};
/* End XCConfigurationList section */
	};
	rootObject = E9DE85F01C3B616400C87B5E /* Project object */;
}
